// !$*UTF8*$!
{
	archiveVersion = 1;
	classes = {
	};
	objectVersion = 46;
	objects = {

/* Begin PBXBuildFile section */
		6204CA211E00415500044103 /* UIView+LayoutConstraints.m in Sources */ = {isa = PBXBuildFile; fileRef = 6204CA201E00415500044103 /* UIView+LayoutConstraints.m */; };
		6204CA591E0136B600044103 /* OSAudioView.m in Sources */ = {isa = PBXBuildFile; fileRef = 6204CA581E0136B600044103 /* OSAudioView.m */; };
		6204CA631E01372200044103 /* OSAudioRecorderView.m in Sources */ = {isa = PBXBuildFile; fileRef = 6204CA621E01372200044103 /* OSAudioRecorderView.m */; };
		6204CA691E01379D00044103 /* OSAudioPlayerView.m in Sources */ = {isa = PBXBuildFile; fileRef = 6204CA681E01379D00044103 /* OSAudioPlayerView.m */; };
		6204CA6C1E01421800044103 /* OSAudioManager.m in Sources */ = {isa = PBXBuildFile; fileRef = 6204CA6B1E01421800044103 /* OSAudioManager.m */; };
		62485C951DF837E1009058EA /* main.m in Sources */ = {isa = PBXBuildFile; fileRef = 62485C941DF837E1009058EA /* main.m */; };
		62485C981DF837E1009058EA /* AppDelegate.m in Sources */ = {isa = PBXBuildFile; fileRef = 62485C971DF837E1009058EA /* AppDelegate.m */; };
		62485C9B1DF837E1009058EA /* ViewController.m in Sources */ = {isa = PBXBuildFile; fileRef = 62485C9A1DF837E1009058EA /* ViewController.m */; };
		62485C9E1DF837E1009058EA /* Main.storyboard in Resources */ = {isa = PBXBuildFile; fileRef = 62485C9C1DF837E1009058EA /* Main.storyboard */; };
		62485CA01DF837E1009058EA /* Assets.xcassets in Resources */ = {isa = PBXBuildFile; fileRef = 62485C9F1DF837E1009058EA /* Assets.xcassets */; };
		62485CA31DF837E1009058EA /* LaunchScreen.storyboard in Resources */ = {isa = PBXBuildFile; fileRef = 62485CA11DF837E1009058EA /* LaunchScreen.storyboard */; };
		62485CAE1DF837E1009058EA /* OSVoiceRecorderDemoTests.m in Sources */ = {isa = PBXBuildFile; fileRef = 62485CAD1DF837E1009058EA /* OSVoiceRecorderDemoTests.m */; };
		62485CF61DF85E06009058EA /* AVFoundation.framework in Frameworks */ = {isa = PBXBuildFile; fileRef = 62485CF51DF85E06009058EA /* AVFoundation.framework */; };
		629DB2041DF9A1660079B856 /* pause.png in Resources */ = {isa = PBXBuildFile; fileRef = 629DB2011DF9A1660079B856 /* pause.png */; };
		629DB2051DF9A1660079B856 /* pause@2x.png in Resources */ = {isa = PBXBuildFile; fileRef = 629DB2021DF9A1660079B856 /* pause@2x.png */; };
		629DB2061DF9A1660079B856 /* pause@3x.png in Resources */ = {isa = PBXBuildFile; fileRef = 629DB2031DF9A1660079B856 /* pause@3x.png */; };
		62B559CC1E02F9BF00DF38ED /* voice_record_delete.png in Resources */ = {isa = PBXBuildFile; fileRef = 62B559C91E02F9BF00DF38ED /* voice_record_delete.png */; };
		62B559CD1E02F9BF00DF38ED /* voice_record_delete@2x.png in Resources */ = {isa = PBXBuildFile; fileRef = 62B559CA1E02F9BF00DF38ED /* voice_record_delete@2x.png */; };
		62B559CE1E02F9BF00DF38ED /* voice_record_delete@3x.png in Resources */ = {isa = PBXBuildFile; fileRef = 62B559CB1E02F9BF00DF38ED /* voice_record_delete@3x.png */; };
		62B559D21E02F9CC00DF38ED /* voice_record_play.png in Resources */ = {isa = PBXBuildFile; fileRef = 62B559CF1E02F9CC00DF38ED /* voice_record_play.png */; };
		62B559D31E02F9CC00DF38ED /* voice_record_play@2x.png in Resources */ = {isa = PBXBuildFile; fileRef = 62B559D01E02F9CC00DF38ED /* voice_record_play@2x.png */; };
		62B559D41E02F9CC00DF38ED /* voice_record_play@3x.png in Resources */ = {isa = PBXBuildFile; fileRef = 62B559D11E02F9CC00DF38ED /* voice_record_play@3x.png */; };
		62B559D81E02F9F200DF38ED /* voice_record_record.png in Resources */ = {isa = PBXBuildFile; fileRef = 62B559D51E02F9F200DF38ED /* voice_record_record.png */; };
		62B559D91E02F9F200DF38ED /* voice_record_record@2x.png in Resources */ = {isa = PBXBuildFile; fileRef = 62B559D61E02F9F200DF38ED /* voice_record_record@2x.png */; };
		62B559DA1E02F9F200DF38ED /* voice_record_record@3x.png in Resources */ = {isa = PBXBuildFile; fileRef = 62B559D71E02F9F200DF38ED /* voice_record_record@3x.png */; };
		62B559DE1E02FA1F00DF38ED /* voice_record_stop.png in Resources */ = {isa = PBXBuildFile; fileRef = 62B559DB1E02FA1F00DF38ED /* voice_record_stop.png */; };
		62B559DF1E02FA1F00DF38ED /* voice_record_stop@2x.png in Resources */ = {isa = PBXBuildFile; fileRef = 62B559DC1E02FA1F00DF38ED /* voice_record_stop@2x.png */; };
		62B559E01E02FA1F00DF38ED /* voice_record_stop@3x.png in Resources */ = {isa = PBXBuildFile; fileRef = 62B559DD1E02FA1F00DF38ED /* voice_record_stop@3x.png */; };
		62E7E20C1E018D4D00836B03 /* OSAudioTableViewCell.m in Sources */ = {isa = PBXBuildFile; fileRef = 62E7E20A1E018D4D00836B03 /* OSAudioTableViewCell.m */; };
		62E7E20D1E018D4D00836B03 /* OSAudioTableViewCell.xib in Resources */ = {isa = PBXBuildFile; fileRef = 62E7E20B1E018D4D00836B03 /* OSAudioTableViewCell.xib */; };
/* End PBXBuildFile section */

/* Begin PBXContainerItemProxy section */
		62485CAA1DF837E1009058EA /* PBXContainerItemProxy */ = {
			isa = PBXContainerItemProxy;
			containerPortal = 62485C881DF837E1009058EA /* Project object */;
			proxyType = 1;
			remoteGlobalIDString = 62485C8F1DF837E1009058EA;
			remoteInfo = OSVoiceRecorderDemo;
		};
/* End PBXContainerItemProxy section */

/* Begin PBXFileReference section */
		6204CA1F1E00415500044103 /* UIView+LayoutConstraints.h */ = {isa = PBXFileReference; fileEncoding = 4; lastKnownFileType = sourcecode.c.h; path = "UIView+LayoutConstraints.h"; sourceTree = "<group>"; };
		6204CA201E00415500044103 /* UIView+LayoutConstraints.m */ = {isa = PBXFileReference; fileEncoding = 4; lastKnownFileType = sourcecode.c.objc; path = "UIView+LayoutConstraints.m"; sourceTree = "<group>"; };
		6204CA571E0136B600044103 /* OSAudioView.h */ = {isa = PBXFileReference; fileEncoding = 4; lastKnownFileType = sourcecode.c.h; name = OSAudioView.h; path = OSVoiceRecorder/OSAudioView.h; sourceTree = "<group>"; };
		6204CA581E0136B600044103 /* OSAudioView.m */ = {isa = PBXFileReference; fileEncoding = 4; lastKnownFileType = sourcecode.c.objc; name = OSAudioView.m; path = OSVoiceRecorder/OSAudioView.m; sourceTree = "<group>"; };
		6204CA611E01372200044103 /* OSAudioRecorderView.h */ = {isa = PBXFileReference; fileEncoding = 4; lastKnownFileType = sourcecode.c.h; path = OSAudioRecorderView.h; sourceTree = "<group>"; };
		6204CA621E01372200044103 /* OSAudioRecorderView.m */ = {isa = PBXFileReference; fileEncoding = 4; lastKnownFileType = sourcecode.c.objc; path = OSAudioRecorderView.m; sourceTree = "<group>"; };
		6204CA671E01379D00044103 /* OSAudioPlayerView.h */ = {isa = PBXFileReference; fileEncoding = 4; lastKnownFileType = sourcecode.c.h; path = OSAudioPlayerView.h; sourceTree = "<group>"; };
		6204CA681E01379D00044103 /* OSAudioPlayerView.m */ = {isa = PBXFileReference; fileEncoding = 4; lastKnownFileType = sourcecode.c.objc; path = OSAudioPlayerView.m; sourceTree = "<group>"; };
		6204CA6A1E01421800044103 /* OSAudioManager.h */ = {isa = PBXFileReference; fileEncoding = 4; lastKnownFileType = sourcecode.c.h; path = OSAudioManager.h; sourceTree = "<group>"; };
		6204CA6B1E01421800044103 /* OSAudioManager.m */ = {isa = PBXFileReference; fileEncoding = 4; lastKnownFileType = sourcecode.c.objc; path = OSAudioManager.m; sourceTree = "<group>"; };
		62485C901DF837E1009058EA /* OSVoiceRecorderDemo.app */ = {isa = PBXFileReference; explicitFileType = wrapper.application; includeInIndex = 0; path = OSVoiceRecorderDemo.app; sourceTree = BUILT_PRODUCTS_DIR; };
		62485C941DF837E1009058EA /* main.m */ = {isa = PBXFileReference; lastKnownFileType = sourcecode.c.objc; path = main.m; sourceTree = "<group>"; };
		62485C961DF837E1009058EA /* AppDelegate.h */ = {isa = PBXFileReference; lastKnownFileType = sourcecode.c.h; path = AppDelegate.h; sourceTree = "<group>"; };
		62485C971DF837E1009058EA /* AppDelegate.m */ = {isa = PBXFileReference; lastKnownFileType = sourcecode.c.objc; path = AppDelegate.m; sourceTree = "<group>"; };
		62485C991DF837E1009058EA /* ViewController.h */ = {isa = PBXFileReference; lastKnownFileType = sourcecode.c.h; path = ViewController.h; sourceTree = "<group>"; };
		62485C9A1DF837E1009058EA /* ViewController.m */ = {isa = PBXFileReference; lastKnownFileType = sourcecode.c.objc; path = ViewController.m; sourceTree = "<group>"; };
		62485C9D1DF837E1009058EA /* Base */ = {isa = PBXFileReference; lastKnownFileType = file.storyboard; name = Base; path = Base.lproj/Main.storyboard; sourceTree = "<group>"; };
		62485C9F1DF837E1009058EA /* Assets.xcassets */ = {isa = PBXFileReference; lastKnownFileType = folder.assetcatalog; path = Assets.xcassets; sourceTree = "<group>"; };
		62485CA21DF837E1009058EA /* Base */ = {isa = PBXFileReference; lastKnownFileType = file.storyboard; name = Base; path = Base.lproj/LaunchScreen.storyboard; sourceTree = "<group>"; };
		62485CA41DF837E1009058EA /* Info.plist */ = {isa = PBXFileReference; lastKnownFileType = text.plist.xml; path = Info.plist; sourceTree = "<group>"; };
		62485CA91DF837E1009058EA /* OSVoiceRecorderDemoTests.xctest */ = {isa = PBXFileReference; explicitFileType = wrapper.cfbundle; includeInIndex = 0; path = OSVoiceRecorderDemoTests.xctest; sourceTree = BUILT_PRODUCTS_DIR; };
		62485CAD1DF837E1009058EA /* OSVoiceRecorderDemoTests.m */ = {isa = PBXFileReference; lastKnownFileType = sourcecode.c.objc; path = OSVoiceRecorderDemoTests.m; sourceTree = "<group>"; };
		62485CAF1DF837E1009058EA /* Info.plist */ = {isa = PBXFileReference; lastKnownFileType = text.plist.xml; path = Info.plist; sourceTree = "<group>"; };
		62485CF51DF85E06009058EA /* AVFoundation.framework */ = {isa = PBXFileReference; lastKnownFileType = wrapper.framework; name = AVFoundation.framework; path = System/Library/Frameworks/AVFoundation.framework; sourceTree = SDKROOT; };
		629DB2011DF9A1660079B856 /* pause.png */ = {isa = PBXFileReference; lastKnownFileType = image.png; path = pause.png; sourceTree = "<group>"; };
		629DB2021DF9A1660079B856 /* pause@2x.png */ = {isa = PBXFileReference; lastKnownFileType = image.png; path = "pause@2x.png"; sourceTree = "<group>"; };
		629DB2031DF9A1660079B856 /* pause@3x.png */ = {isa = PBXFileReference; lastKnownFileType = image.png; path = "pause@3x.png"; sourceTree = "<group>"; };
		62B559C91E02F9BF00DF38ED /* voice_record_delete.png */ = {isa = PBXFileReference; lastKnownFileType = image.png; path = voice_record_delete.png; sourceTree = "<group>"; };
		62B559CA1E02F9BF00DF38ED /* voice_record_delete@2x.png */ = {isa = PBXFileReference; lastKnownFileType = image.png; path = "voice_record_delete@2x.png"; sourceTree = "<group>"; };
		62B559CB1E02F9BF00DF38ED /* voice_record_delete@3x.png */ = {isa = PBXFileReference; lastKnownFileType = image.png; path = "voice_record_delete@3x.png"; sourceTree = "<group>"; };
		62B559CF1E02F9CC00DF38ED /* voice_record_play.png */ = {isa = PBXFileReference; lastKnownFileType = image.png; path = voice_record_play.png; sourceTree = "<group>"; };
		62B559D01E02F9CC00DF38ED /* voice_record_play@2x.png */ = {isa = PBXFileReference; lastKnownFileType = image.png; path = "voice_record_play@2x.png"; sourceTree = "<group>"; };
		62B559D11E02F9CC00DF38ED /* voice_record_play@3x.png */ = {isa = PBXFileReference; lastKnownFileType = image.png; path = "voice_record_play@3x.png"; sourceTree = "<group>"; };
		62B559D51E02F9F200DF38ED /* voice_record_record.png */ = {isa = PBXFileReference; lastKnownFileType = image.png; path = voice_record_record.png; sourceTree = "<group>"; };
		62B559D61E02F9F200DF38ED /* voice_record_record@2x.png */ = {isa = PBXFileReference; lastKnownFileType = image.png; path = "voice_record_record@2x.png"; sourceTree = "<group>"; };
		62B559D71E02F9F200DF38ED /* voice_record_record@3x.png */ = {isa = PBXFileReference; lastKnownFileType = image.png; path = "voice_record_record@3x.png"; sourceTree = "<group>"; };
		62B559DB1E02FA1F00DF38ED /* voice_record_stop.png */ = {isa = PBXFileReference; lastKnownFileType = image.png; path = voice_record_stop.png; sourceTree = "<group>"; };
		62B559DC1E02FA1F00DF38ED /* voice_record_stop@2x.png */ = {isa = PBXFileReference; lastKnownFileType = image.png; path = "voice_record_stop@2x.png"; sourceTree = "<group>"; };
		62B559DD1E02FA1F00DF38ED /* voice_record_stop@3x.png */ = {isa = PBXFileReference; lastKnownFileType = image.png; path = "voice_record_stop@3x.png"; sourceTree = "<group>"; };
		62E7E2091E018D4D00836B03 /* OSAudioTableViewCell.h */ = {isa = PBXFileReference; fileEncoding = 4; lastKnownFileType = sourcecode.c.h; path = OSAudioTableViewCell.h; sourceTree = "<group>"; };
		62E7E20A1E018D4D00836B03 /* OSAudioTableViewCell.m */ = {isa = PBXFileReference; fileEncoding = 4; lastKnownFileType = sourcecode.c.objc; path = OSAudioTableViewCell.m; sourceTree = "<group>"; };
		62E7E20B1E018D4D00836B03 /* OSAudioTableViewCell.xib */ = {isa = PBXFileReference; fileEncoding = 4; lastKnownFileType = file.xib; path = OSAudioTableViewCell.xib; sourceTree = "<group>"; };
/* End PBXFileReference section */

/* Begin PBXFrameworksBuildPhase section */
		62485C8D1DF837E1009058EA /* Frameworks */ = {
			isa = PBXFrameworksBuildPhase;
			buildActionMask = 2147483647;
			files = (
				62485CF61DF85E06009058EA /* AVFoundation.framework in Frameworks */,
			);
			runOnlyForDeploymentPostprocessing = 0;
		};
		62485CA61DF837E1009058EA /* Frameworks */ = {
			isa = PBXFrameworksBuildPhase;
			buildActionMask = 2147483647;
			files = (
			);
			runOnlyForDeploymentPostprocessing = 0;
		};
/* End PBXFrameworksBuildPhase section */

/* Begin PBXGroup section */
		6204CA1E1E00414D00044103 /* Layout */ = {
			isa = PBXGroup;
			children = (
				6204CA1F1E00415500044103 /* UIView+LayoutConstraints.h */,
				6204CA201E00415500044103 /* UIView+LayoutConstraints.m */,
			);
			name = Layout;
			path = OSVoiceRecorder;
			sourceTree = "<group>";
		};
		6204CA5A1E0136D400044103 /* OSAudioView */ = {
			isa = PBXGroup;
			children = (
				6204CA1E1E00414D00044103 /* Layout */,
				62485CC21DF844BD009058EA /* Images */,
				6204CA571E0136B600044103 /* OSAudioView.h */,
				6204CA581E0136B600044103 /* OSAudioView.m */,
				6204CA611E01372200044103 /* OSAudioRecorderView.h */,
				6204CA621E01372200044103 /* OSAudioRecorderView.m */,
				6204CA671E01379D00044103 /* OSAudioPlayerView.h */,
				6204CA681E01379D00044103 /* OSAudioPlayerView.m */,
				6204CA6A1E01421800044103 /* OSAudioManager.h */,
				6204CA6B1E01421800044103 /* OSAudioManager.m */,
				62E7E2091E018D4D00836B03 /* OSAudioTableViewCell.h */,
				62E7E20A1E018D4D00836B03 /* OSAudioTableViewCell.m */,
				62E7E20B1E018D4D00836B03 /* OSAudioTableViewCell.xib */,
			);
			name = OSAudioView;
			sourceTree = "<group>";
		};
		62485C871DF837E1009058EA = {
			isa = PBXGroup;
			children = (
				62485C921DF837E1009058EA /* OSVoiceRecorderDemo */,
				62485CAC1DF837E1009058EA /* OSVoiceRecorderDemoTests */,
				62485C911DF837E1009058EA /* Products */,
			);
			sourceTree = "<group>";
		};
		62485C911DF837E1009058EA /* Products */ = {
			isa = PBXGroup;
			children = (
				62485C901DF837E1009058EA /* OSVoiceRecorderDemo.app */,
				62485CA91DF837E1009058EA /* OSVoiceRecorderDemoTests.xctest */,
			);
			name = Products;
			sourceTree = "<group>";
		};
		62485C921DF837E1009058EA /* OSVoiceRecorderDemo */ = {
			isa = PBXGroup;
			children = (
				62485C961DF837E1009058EA /* AppDelegate.h */,
				62485C971DF837E1009058EA /* AppDelegate.m */,
				62485C991DF837E1009058EA /* ViewController.h */,
				62485C9A1DF837E1009058EA /* ViewController.m */,
				62485C9C1DF837E1009058EA /* Main.storyboard */,
				62485C9F1DF837E1009058EA /* Assets.xcassets */,
				62485CA11DF837E1009058EA /* LaunchScreen.storyboard */,
				62485CA41DF837E1009058EA /* Info.plist */,
				6204CA5A1E0136D400044103 /* OSAudioView */,
				62485C931DF837E1009058EA /* Supporting Files */,
			);
			path = OSVoiceRecorderDemo;
			sourceTree = "<group>";
		};
		62485C931DF837E1009058EA /* Supporting Files */ = {
			isa = PBXGroup;
			children = (
				62485CF51DF85E06009058EA /* AVFoundation.framework */,
				62485C941DF837E1009058EA /* main.m */,
			);
			name = "Supporting Files";
			sourceTree = "<group>";
		};
		62485CAC1DF837E1009058EA /* OSVoiceRecorderDemoTests */ = {
			isa = PBXGroup;
			children = (
				62485CAD1DF837E1009058EA /* OSVoiceRecorderDemoTests.m */,
				62485CAF1DF837E1009058EA /* Info.plist */,
			);
			path = OSVoiceRecorderDemoTests;
			sourceTree = "<group>";
		};
		62485CC21DF844BD009058EA /* Images */ = {
			isa = PBXGroup;
			children = (
				62B559CF1E02F9CC00DF38ED /* voice_record_play.png */,
				62B559D01E02F9CC00DF38ED /* voice_record_play@2x.png */,
				62B559D11E02F9CC00DF38ED /* voice_record_play@3x.png */,
				62B559C91E02F9BF00DF38ED /* voice_record_delete.png */,
				62B559CA1E02F9BF00DF38ED /* voice_record_delete@2x.png */,
				62B559CB1E02F9BF00DF38ED /* voice_record_delete@3x.png */,
				62B559D51E02F9F200DF38ED /* voice_record_record.png */,
				62B559D61E02F9F200DF38ED /* voice_record_record@2x.png */,
				62B559D71E02F9F200DF38ED /* voice_record_record@3x.png */,
				62B559DB1E02FA1F00DF38ED /* voice_record_stop.png */,
				62B559DC1E02FA1F00DF38ED /* voice_record_stop@2x.png */,
				62B559DD1E02FA1F00DF38ED /* voice_record_stop@3x.png */,
				629DB2011DF9A1660079B856 /* pause.png */,
				629DB2021DF9A1660079B856 /* pause@2x.png */,
				629DB2031DF9A1660079B856 /* pause@3x.png */,
			);
			name = Images;
			path = OSVoiceRecorder/Images;
			sourceTree = "<group>";
		};
/* End PBXGroup section */

/* Begin PBXNativeTarget section */
		62485C8F1DF837E1009058EA /* OSVoiceRecorderDemo */ = {
			isa = PBXNativeTarget;
			buildConfigurationList = 62485CB21DF837E1009058EA /* Build configuration list for PBXNativeTarget "OSVoiceRecorderDemo" */;
			buildPhases = (
				62485C8C1DF837E1009058EA /* Sources */,
				62485C8D1DF837E1009058EA /* Frameworks */,
				62485C8E1DF837E1009058EA /* Resources */,
			);
			buildRules = (
			);
			dependencies = (
			);
			name = OSVoiceRecorderDemo;
			productName = OSVoiceRecorderDemo;
			productReference = 62485C901DF837E1009058EA /* OSVoiceRecorderDemo.app */;
			productType = "com.apple.product-type.application";
		};
		62485CA81DF837E1009058EA /* OSVoiceRecorderDemoTests */ = {
			isa = PBXNativeTarget;
			buildConfigurationList = 62485CB51DF837E1009058EA /* Build configuration list for PBXNativeTarget "OSVoiceRecorderDemoTests" */;
			buildPhases = (
				62485CA51DF837E1009058EA /* Sources */,
				62485CA61DF837E1009058EA /* Frameworks */,
				62485CA71DF837E1009058EA /* Resources */,
			);
			buildRules = (
			);
			dependencies = (
				62485CAB1DF837E1009058EA /* PBXTargetDependency */,
			);
			name = OSVoiceRecorderDemoTests;
			productName = OSVoiceRecorderDemoTests;
			productReference = 62485CA91DF837E1009058EA /* OSVoiceRecorderDemoTests.xctest */;
			productType = "com.apple.product-type.bundle.unit-test";
		};
/* End PBXNativeTarget section */

/* Begin PBXProject section */
		62485C881DF837E1009058EA /* Project object */ = {
			isa = PBXProject;
			attributes = {
				LastUpgradeCheck = 0730;
				ORGANIZATIONNAME = onursahindur;
				TargetAttributes = {
					62485C8F1DF837E1009058EA = {
						CreatedOnToolsVersion = 7.3.1;
						SystemCapabilities = {
							com.apple.BackgroundModes = {
								enabled = 1;
							};
						};
					};
					62485CA81DF837E1009058EA = {
						CreatedOnToolsVersion = 7.3.1;
						TestTargetID = 62485C8F1DF837E1009058EA;
					};
				};
			};
			buildConfigurationList = 62485C8B1DF837E1009058EA /* Build configuration list for PBXProject "OSVoiceRecorderDemo" */;
			compatibilityVersion = "Xcode 3.2";
			developmentRegion = English;
			hasScannedForEncodings = 0;
			knownRegions = (
				en,
				Base,
			);
			mainGroup = 62485C871DF837E1009058EA;
			productRefGroup = 62485C911DF837E1009058EA /* Products */;
			projectDirPath = "";
			projectRoot = "";
			targets = (
				62485C8F1DF837E1009058EA /* OSVoiceRecorderDemo */,
				62485CA81DF837E1009058EA /* OSVoiceRecorderDemoTests */,
			);
		};
/* End PBXProject section */

/* Begin PBXResourcesBuildPhase section */
		62485C8E1DF837E1009058EA /* Resources */ = {
			isa = PBXResourcesBuildPhase;
			buildActionMask = 2147483647;
			files = (
				62485CA31DF837E1009058EA /* LaunchScreen.storyboard in Resources */,
				62B559CE1E02F9BF00DF38ED /* voice_record_delete@3x.png in Resources */,
				629DB2051DF9A1660079B856 /* pause@2x.png in Resources */,
				62B559DE1E02FA1F00DF38ED /* voice_record_stop.png in Resources */,
				629DB2061DF9A1660079B856 /* pause@3x.png in Resources */,
				62B559D91E02F9F200DF38ED /* voice_record_record@2x.png in Resources */,
				62B559D31E02F9CC00DF38ED /* voice_record_play@2x.png in Resources */,
				62B559D41E02F9CC00DF38ED /* voice_record_play@3x.png in Resources */,
				62B559DA1E02F9F200DF38ED /* voice_record_record@3x.png in Resources */,
				62E7E20D1E018D4D00836B03 /* OSAudioTableViewCell.xib in Resources */,
				629DB2041DF9A1660079B856 /* pause.png in Resources */,
				62B559CD1E02F9BF00DF38ED /* voice_record_delete@2x.png in Resources */,
				62485CA01DF837E1009058EA /* Assets.xcassets in Resources */,
				62B559DF1E02FA1F00DF38ED /* voice_record_stop@2x.png in Resources */,
				62B559D81E02F9F200DF38ED /* voice_record_record.png in Resources */,
				62B559D21E02F9CC00DF38ED /* voice_record_play.png in Resources */,
				62B559E01E02FA1F00DF38ED /* voice_record_stop@3x.png in Resources */,
				62B559CC1E02F9BF00DF38ED /* voice_record_delete.png in Resources */,
				62485C9E1DF837E1009058EA /* Main.storyboard in Resources */,
			);
			runOnlyForDeploymentPostprocessing = 0;
		};
		62485CA71DF837E1009058EA /* Resources */ = {
			isa = PBXResourcesBuildPhase;
			buildActionMask = 2147483647;
			files = (
			);
			runOnlyForDeploymentPostprocessing = 0;
		};
/* End PBXResourcesBuildPhase section */

/* Begin PBXSourcesBuildPhase section */
		62485C8C1DF837E1009058EA /* Sources */ = {
			isa = PBXSourcesBuildPhase;
			buildActionMask = 2147483647;
			files = (
				62E7E20C1E018D4D00836B03 /* OSAudioTableViewCell.m in Sources */,
				62485C9B1DF837E1009058EA /* ViewController.m in Sources */,
				6204CA211E00415500044103 /* UIView+LayoutConstraints.m in Sources */,
				6204CA6C1E01421800044103 /* OSAudioManager.m in Sources */,
				62485C981DF837E1009058EA /* AppDelegate.m in Sources */,
				6204CA691E01379D00044103 /* OSAudioPlayerView.m in Sources */,
				62485C951DF837E1009058EA /* main.m in Sources */,
				6204CA591E0136B600044103 /* OSAudioView.m in Sources */,
				6204CA631E01372200044103 /* OSAudioRecorderView.m in Sources */,
			);
			runOnlyForDeploymentPostprocessing = 0;
		};
		62485CA51DF837E1009058EA /* Sources */ = {
			isa = PBXSourcesBuildPhase;
			buildActionMask = 2147483647;
			files = (
				62485CAE1DF837E1009058EA /* OSVoiceRecorderDemoTests.m in Sources */,
			);
			runOnlyForDeploymentPostprocessing = 0;
		};
/* End PBXSourcesBuildPhase section */

/* Begin PBXTargetDependency section */
		62485CAB1DF837E1009058EA /* PBXTargetDependency */ = {
			isa = PBXTargetDependency;
			target = 62485C8F1DF837E1009058EA /* OSVoiceRecorderDemo */;
			targetProxy = 62485CAA1DF837E1009058EA /* PBXContainerItemProxy */;
		};
/* End PBXTargetDependency section */

/* Begin PBXVariantGroup section */
		62485C9C1DF837E1009058EA /* Main.storyboard */ = {
			isa = PBXVariantGroup;
			children = (
				62485C9D1DF837E1009058EA /* Base */,
			);
			name = Main.storyboard;
			sourceTree = "<group>";
		};
		62485CA11DF837E1009058EA /* LaunchScreen.storyboard */ = {
			isa = PBXVariantGroup;
			children = (
				62485CA21DF837E1009058EA /* Base */,
			);
			name = LaunchScreen.storyboard;
			sourceTree = "<group>";
		};
/* End PBXVariantGroup section */

/* Begin XCBuildConfiguration section */
		62485CB01DF837E1009058EA /* Debug */ = {
			isa = XCBuildConfiguration;
			buildSettings = {
				ALWAYS_SEARCH_USER_PATHS = NO;
				CLANG_ANALYZER_NONNULL = YES;
				CLANG_CXX_LANGUAGE_STANDARD = "gnu++0x";
				CLANG_CXX_LIBRARY = "libc++";
				CLANG_ENABLE_MODULES = YES;
				CLANG_ENABLE_OBJC_ARC = YES;
				CLANG_WARN_BOOL_CONVERSION = YES;
				CLANG_WARN_CONSTANT_CONVERSION = YES;
				CLANG_WARN_DIRECT_OBJC_ISA_USAGE = YES_ERROR;
				CLANG_WARN_EMPTY_BODY = YES;
				CLANG_WARN_ENUM_CONVERSION = YES;
				CLANG_WARN_INT_CONVERSION = YES;
				CLANG_WARN_OBJC_ROOT_CLASS = YES_ERROR;
				CLANG_WARN_UNREACHABLE_CODE = YES;
				CLANG_WARN__DUPLICATE_METHOD_MATCH = YES;
				"CODE_SIGN_IDENTITY[sdk=iphoneos*]" = "iPhone Developer";
				COPY_PHASE_STRIP = NO;
				DEBUG_INFORMATION_FORMAT = dwarf;
				ENABLE_STRICT_OBJC_MSGSEND = YES;
				ENABLE_TESTABILITY = YES;
				GCC_C_LANGUAGE_STANDARD = gnu99;
				GCC_DYNAMIC_NO_PIC = NO;
				GCC_NO_COMMON_BLOCKS = YES;
				GCC_OPTIMIZATION_LEVEL = 0;
				GCC_PREPROCESSOR_DEFINITIONS = (
					"DEBUG=1",
					"$(inherited)",
				);
				GCC_WARN_64_TO_32_BIT_CONVERSION = YES;
				GCC_WARN_ABOUT_RETURN_TYPE = YES_ERROR;
				GCC_WARN_UNDECLARED_SELECTOR = YES;
				GCC_WARN_UNINITIALIZED_AUTOS = YES_AGGRESSIVE;
				GCC_WARN_UNUSED_FUNCTION = YES;
				GCC_WARN_UNUSED_VARIABLE = YES;
				IPHONEOS_DEPLOYMENT_TARGET = 9.3;
				MTL_ENABLE_DEBUG_INFO = YES;
				ONLY_ACTIVE_ARCH = YES;
				SDKROOT = iphoneos;
			};
			name = Debug;
		};
		62485CB11DF837E1009058EA /* Release */ = {
			isa = XCBuildConfiguration;
			buildSettings = {
				ALWAYS_SEARCH_USER_PATHS = NO;
				CLANG_ANALYZER_NONNULL = YES;
				CLANG_CXX_LANGUAGE_STANDARD = "gnu++0x";
				CLANG_CXX_LIBRARY = "libc++";
				CLANG_ENABLE_MODULES = YES;
				CLANG_ENABLE_OBJC_ARC = YES;
				CLANG_WARN_BOOL_CONVERSION = YES;
				CLANG_WARN_CONSTANT_CONVERSION = YES;
				CLANG_WARN_DIRECT_OBJC_ISA_USAGE = YES_ERROR;
				CLANG_WARN_EMPTY_BODY = YES;
				CLANG_WARN_ENUM_CONVERSION = YES;
				CLANG_WARN_INT_CONVERSION = YES;
				CLANG_WARN_OBJC_ROOT_CLASS = YES_ERROR;
				CLANG_WARN_UNREACHABLE_CODE = YES;
				CLANG_WARN__DUPLICATE_METHOD_MATCH = YES;
				"CODE_SIGN_IDENTITY[sdk=iphoneos*]" = "iPhone Developer";
				COPY_PHASE_STRIP = NO;
				DEBUG_INFORMATION_FORMAT = "dwarf-with-dsym";
				ENABLE_NS_ASSERTIONS = NO;
				ENABLE_STRICT_OBJC_MSGSEND = YES;
				GCC_C_LANGUAGE_STANDARD = gnu99;
				GCC_NO_COMMON_BLOCKS = YES;
				GCC_WARN_64_TO_32_BIT_CONVERSION = YES;
				GCC_WARN_ABOUT_RETURN_TYPE = YES_ERROR;
				GCC_WARN_UNDECLARED_SELECTOR = YES;
				GCC_WARN_UNINITIALIZED_AUTOS = YES_AGGRESSIVE;
				GCC_WARN_UNUSED_FUNCTION = YES;
				GCC_WARN_UNUSED_VARIABLE = YES;
				IPHONEOS_DEPLOYMENT_TARGET = 9.3;
				MTL_ENABLE_DEBUG_INFO = NO;
				SDKROOT = iphoneos;
				VALIDATE_PRODUCT = YES;
			};
			name = Release;
		};
		62485CB31DF837E1009058EA /* Debug */ = {
			isa = XCBuildConfiguration;
			buildSettings = {
				ASSETCATALOG_COMPILER_APPICON_NAME = AppIcon;
				INFOPLIST_FILE = OSVoiceRecorderDemo/Info.plist;
				LD_RUNPATH_SEARCH_PATHS = "$(inherited) @executable_path/Frameworks";
				PRODUCT_BUNDLE_IDENTIFIER = com.onursahindur.OSVoiceRecorderDemo;
				PRODUCT_NAME = "$(TARGET_NAME)";
			};
			name = Debug;
		};
		62485CB41DF837E1009058EA /* Release */ = {
			isa = XCBuildConfiguration;
			buildSettings = {
				ASSETCATALOG_COMPILER_APPICON_NAME = AppIcon;
				INFOPLIST_FILE = OSVoiceRecorderDemo/Info.plist;
				LD_RUNPATH_SEARCH_PATHS = "$(inherited) @executable_path/Frameworks";
				PRODUCT_BUNDLE_IDENTIFIER = com.onursahindur.OSVoiceRecorderDemo;
				PRODUCT_NAME = "$(TARGET_NAME)";
			};
			name = Release;
		};
		62485CB61DF837E1009058EA /* Debug */ = {
			isa = XCBuildConfiguration;
			buildSettings = {
				BUNDLE_LOADER = "$(TEST_HOST)";
				INFOPLIST_FILE = OSVoiceRecorderDemoTests/Info.plist;
				LD_RUNPATH_SEARCH_PATHS = "$(inherited) @executable_path/Frameworks @loader_path/Frameworks";
				PRODUCT_BUNDLE_IDENTIFIER = com.onursahindur.OSVoiceRecorderDemoTests;
				PRODUCT_NAME = "$(TARGET_NAME)";
				TEST_HOST = "$(BUILT_PRODUCTS_DIR)/OSVoiceRecorderDemo.app/OSVoiceRecorderDemo";
			};
			name = Debug;
		};
		62485CB71DF837E1009058EA /* Release */ = {
			isa = XCBuildConfiguration;
			buildSettings = {
				BUNDLE_LOADER = "$(TEST_HOST)";
				INFOPLIST_FILE = OSVoiceRecorderDemoTests/Info.plist;
				LD_RUNPATH_SEARCH_PATHS = "$(inherited) @executable_path/Frameworks @loader_path/Frameworks";
				PRODUCT_BUNDLE_IDENTIFIER = com.onursahindur.OSVoiceRecorderDemoTests;
				PRODUCT_NAME = "$(TARGET_NAME)";
				TEST_HOST = "$(BUILT_PRODUCTS_DIR)/OSVoiceRecorderDemo.app/OSVoiceRecorderDemo";
			};
			name = Release;
		};
/* End XCBuildConfiguration section */

/* Begin XCConfigurationList section */
		62485C8B1DF837E1009058EA /* Build configuration list for PBXProject "OSVoiceRecorderDemo" */ = {
			isa = XCConfigurationList;
			buildConfigurations = (
				62485CB01DF837E1009058EA /* Debug */,
				62485CB11DF837E1009058EA /* Release */,
			);
			defaultConfigurationIsVisible = 0;
			defaultConfigurationName = Release;
		};
		62485CB21DF837E1009058EA /* Build configuration list for PBXNativeTarget "OSVoiceRecorderDemo" */ = {
			isa = XCConfigurationList;
			buildConfigurations = (
				62485CB31DF837E1009058EA /* Debug */,
				62485CB41DF837E1009058EA /* Release */,
			);
			defaultConfigurationIsVisible = 0;
			defaultConfigurationName = Release;
		};
		62485CB51DF837E1009058EA /* Build configuration list for PBXNativeTarget "OSVoiceRecorderDemoTests" */ = {
			isa = XCConfigurationList;
			buildConfigurations = (
				62485CB61DF837E1009058EA /* Debug */,
				62485CB71DF837E1009058EA /* Release */,
			);
			defaultConfigurationIsVisible = 0;
			defaultConfigurationName = Release;
		};
/* End XCConfigurationList section */
	};
	rootObject = 62485C881DF837E1009058EA /* Project object */;
}
