// !$*UTF8*$!
{
	archiveVersion = 1;
	classes = {
	};
	objectVersion = 46;
	objects = {

/* Begin PBXBuildFile section */
		62485C951DF837E1009058EA /* main.m in Sources */ = {isa = PBXBuildFile; fileRef = 62485C941DF837E1009058EA /* main.m */; };
		62485C981DF837E1009058EA /* AppDelegate.m in Sources */ = {isa = PBXBuildFile; fileRef = 62485C971DF837E1009058EA /* AppDelegate.m */; };
		62485C9B1DF837E1009058EA /* ViewController.m in Sources */ = {isa = PBXBuildFile; fileRef = 62485C9A1DF837E1009058EA /* ViewController.m */; };
		62485C9E1DF837E1009058EA /* Main.storyboard in Resources */ = {isa = PBXBuildFile; fileRef = 62485C9C1DF837E1009058EA /* Main.storyboard */; };
		62485CA01DF837E1009058EA /* Assets.xcassets in Resources */ = {isa = PBXBuildFile; fileRef = 62485C9F1DF837E1009058EA /* Assets.xcassets */; };
		62485CA31DF837E1009058EA /* LaunchScreen.storyboard in Resources */ = {isa = PBXBuildFile; fileRef = 62485CA11DF837E1009058EA /* LaunchScreen.storyboard */; };
		62485CAE1DF837E1009058EA /* OSVoiceRecorderDemoTests.m in Sources */ = {isa = PBXBuildFile; fileRef = 62485CAD1DF837E1009058EA /* OSVoiceRecorderDemoTests.m */; };
		62485CBC1DF8386E009058EA /* OSVoiceRecorder.m in Sources */ = {isa = PBXBuildFile; fileRef = 62485CBB1DF8386E009058EA /* OSVoiceRecorder.m */; };
		62485CBF1DF83D68009058EA /* OSVoiceRecorderView.m in Sources */ = {isa = PBXBuildFile; fileRef = 62485CBE1DF83D68009058EA /* OSVoiceRecorderView.m */; };
		62485CC11DF83DAD009058EA /* View.xib in Resources */ = {isa = PBXBuildFile; fileRef = 62485CC01DF83DAD009058EA /* View.xib */; };
		62485CC61DF844BD009058EA /* recorder.png in Resources */ = {isa = PBXBuildFile; fileRef = 62485CC31DF844BD009058EA /* recorder.png */; };
		62485CC71DF844BD009058EA /* recorder@2x.png in Resources */ = {isa = PBXBuildFile; fileRef = 62485CC41DF844BD009058EA /* recorder@2x.png */; };
		62485CC81DF844BD009058EA /* recorder@3x.png in Resources */ = {isa = PBXBuildFile; fileRef = 62485CC51DF844BD009058EA /* recorder@3x.png */; };
		62485CF21DF851C3009058EA /* stop.png in Resources */ = {isa = PBXBuildFile; fileRef = 62485CEF1DF851C3009058EA /* stop.png */; };
		62485CF31DF851C3009058EA /* stop@2x.png in Resources */ = {isa = PBXBuildFile; fileRef = 62485CF01DF851C3009058EA /* stop@2x.png */; };
		62485CF41DF851C3009058EA /* stop@3x.png in Resources */ = {isa = PBXBuildFile; fileRef = 62485CF11DF851C3009058EA /* stop@3x.png */; };
		62485CF61DF85E06009058EA /* AVFoundation.framework in Frameworks */ = {isa = PBXBuildFile; fileRef = 62485CF51DF85E06009058EA /* AVFoundation.framework */; };
		629DB1FE1DF9952B0079B856 /* play.png in Resources */ = {isa = PBXBuildFile; fileRef = 629DB1FB1DF9952B0079B856 /* play.png */; };
		629DB1FF1DF9952B0079B856 /* play@2x.png in Resources */ = {isa = PBXBuildFile; fileRef = 629DB1FC1DF9952B0079B856 /* play@2x.png */; };
		629DB2001DF9952B0079B856 /* play@3x.png in Resources */ = {isa = PBXBuildFile; fileRef = 629DB1FD1DF9952B0079B856 /* play@3x.png */; };
		629DB2041DF9A1660079B856 /* pause.png in Resources */ = {isa = PBXBuildFile; fileRef = 629DB2011DF9A1660079B856 /* pause.png */; };
		629DB2051DF9A1660079B856 /* pause@2x.png in Resources */ = {isa = PBXBuildFile; fileRef = 629DB2021DF9A1660079B856 /* pause@2x.png */; };
		629DB2061DF9A1660079B856 /* pause@3x.png in Resources */ = {isa = PBXBuildFile; fileRef = 629DB2031DF9A1660079B856 /* pause@3x.png */; };
/* End PBXBuildFile section */

/* Begin PBXContainerItemProxy section */
		62485CAA1DF837E1009058EA /* PBXContainerItemProxy */ = {
			isa = PBXContainerItemProxy;
			containerPortal = 62485C881DF837E1009058EA /* Project object */;
			proxyType = 1;
			remoteGlobalIDString = 62485C8F1DF837E1009058EA;
			remoteInfo = OSVoiceRecorderDemo;
		};
/* End PBXContainerItemProxy section */

/* Begin PBXFileReference section */
		62485C901DF837E1009058EA /* OSVoiceRecorderDemo.app */ = {isa = PBXFileReference; explicitFileType = wrapper.application; includeInIndex = 0; path = OSVoiceRecorderDemo.app; sourceTree = BUILT_PRODUCTS_DIR; };
		62485C941DF837E1009058EA /* main.m */ = {isa = PBXFileReference; lastKnownFileType = sourcecode.c.objc; path = main.m; sourceTree = "<group>"; };
		62485C961DF837E1009058EA /* AppDelegate.h */ = {isa = PBXFileReference; lastKnownFileType = sourcecode.c.h; path = AppDelegate.h; sourceTree = "<group>"; };
		62485C971DF837E1009058EA /* AppDelegate.m */ = {isa = PBXFileReference; lastKnownFileType = sourcecode.c.objc; path = AppDelegate.m; sourceTree = "<group>"; };
		62485C991DF837E1009058EA /* ViewController.h */ = {isa = PBXFileReference; lastKnownFileType = sourcecode.c.h; path = ViewController.h; sourceTree = "<group>"; };
		62485C9A1DF837E1009058EA /* ViewController.m */ = {isa = PBXFileReference; lastKnownFileType = sourcecode.c.objc; path = ViewController.m; sourceTree = "<group>"; };
		62485C9D1DF837E1009058EA /* Base */ = {isa = PBXFileReference; lastKnownFileType = file.storyboard; name = Base; path = Base.lproj/Main.storyboard; sourceTree = "<group>"; };
		62485C9F1DF837E1009058EA /* Assets.xcassets */ = {isa = PBXFileReference; lastKnownFileType = folder.assetcatalog; path = Assets.xcassets; sourceTree = "<group>"; };
		62485CA21DF837E1009058EA /* Base */ = {isa = PBXFileReference; lastKnownFileType = file.storyboard; name = Base; path = Base.lproj/LaunchScreen.storyboard; sourceTree = "<group>"; };
		62485CA41DF837E1009058EA /* Info.plist */ = {isa = PBXFileReference; lastKnownFileType = text.plist.xml; path = Info.plist; sourceTree = "<group>"; };
		62485CA91DF837E1009058EA /* OSVoiceRecorderDemoTests.xctest */ = {isa = PBXFileReference; explicitFileType = wrapper.cfbundle; includeInIndex = 0; path = OSVoiceRecorderDemoTests.xctest; sourceTree = BUILT_PRODUCTS_DIR; };
		62485CAD1DF837E1009058EA /* OSVoiceRecorderDemoTests.m */ = {isa = PBXFileReference; lastKnownFileType = sourcecode.c.objc; path = OSVoiceRecorderDemoTests.m; sourceTree = "<group>"; };
		62485CAF1DF837E1009058EA /* Info.plist */ = {isa = PBXFileReference; lastKnownFileType = text.plist.xml; path = Info.plist; sourceTree = "<group>"; };
		62485CBA1DF8386E009058EA /* OSVoiceRecorder.h */ = {isa = PBXFileReference; fileEncoding = 4; lastKnownFileType = sourcecode.c.h; path = OSVoiceRecorder.h; sourceTree = "<group>"; };
		62485CBB1DF8386E009058EA /* OSVoiceRecorder.m */ = {isa = PBXFileReference; fileEncoding = 4; lastKnownFileType = sourcecode.c.objc; path = OSVoiceRecorder.m; sourceTree = "<group>"; };
		62485CBD1DF83D68009058EA /* OSVoiceRecorderView.h */ = {isa = PBXFileReference; fileEncoding = 4; lastKnownFileType = sourcecode.c.h; path = OSVoiceRecorderView.h; sourceTree = "<group>"; };
		62485CBE1DF83D68009058EA /* OSVoiceRecorderView.m */ = {isa = PBXFileReference; fileEncoding = 4; lastKnownFileType = sourcecode.c.objc; path = OSVoiceRecorderView.m; sourceTree = "<group>"; };
		62485CC01DF83DAD009058EA /* View.xib */ = {isa = PBXFileReference; fileEncoding = 4; lastKnownFileType = file.xib; path = View.xib; sourceTree = "<group>"; };
		62485CC31DF844BD009058EA /* recorder.png */ = {isa = PBXFileReference; lastKnownFileType = image.png; path = recorder.png; sourceTree = "<group>"; };
		62485CC41DF844BD009058EA /* recorder@2x.png */ = {isa = PBXFileReference; lastKnownFileType = image.png; path = "recorder@2x.png"; sourceTree = "<group>"; };
		62485CC51DF844BD009058EA /* recorder@3x.png */ = {isa = PBXFileReference; lastKnownFileType = image.png; path = "recorder@3x.png"; sourceTree = "<group>"; };
		62485CEF1DF851C3009058EA /* stop.png */ = {isa = PBXFileReference; lastKnownFileType = image.png; path = stop.png; sourceTree = "<group>"; };
		62485CF01DF851C3009058EA /* stop@2x.png */ = {isa = PBXFileReference; lastKnownFileType = image.png; path = "stop@2x.png"; sourceTree = "<group>"; };
		62485CF11DF851C3009058EA /* stop@3x.png */ = {isa = PBXFileReference; lastKnownFileType = image.png; path = "stop@3x.png"; sourceTree = "<group>"; };
		62485CF51DF85E06009058EA /* AVFoundation.framework */ = {isa = PBXFileReference; lastKnownFileType = wrapper.framework; name = AVFoundation.framework; path = System/Library/Frameworks/AVFoundation.framework; sourceTree = SDKROOT; };
		629DB1FB1DF9952B0079B856 /* play.png */ = {isa = PBXFileReference; lastKnownFileType = image.png; path = play.png; sourceTree = "<group>"; };
		629DB1FC1DF9952B0079B856 /* play@2x.png */ = {isa = PBXFileReference; lastKnownFileType = image.png; path = "play@2x.png"; sourceTree = "<group>"; };
		629DB1FD1DF9952B0079B856 /* play@3x.png */ = {isa = PBXFileReference; lastKnownFileType = image.png; path = "play@3x.png"; sourceTree = "<group>"; };
		629DB2011DF9A1660079B856 /* pause.png */ = {isa = PBXFileReference; lastKnownFileType = image.png; path = pause.png; sourceTree = "<group>"; };
		629DB2021DF9A1660079B856 /* pause@2x.png */ = {isa = PBXFileReference; lastKnownFileType = image.png; path = "pause@2x.png"; sourceTree = "<group>"; };
		629DB2031DF9A1660079B856 /* pause@3x.png */ = {isa = PBXFileReference; lastKnownFileType = image.png; path = "pause@3x.png"; sourceTree = "<group>"; };
/* End PBXFileReference section */

/* Begin PBXFrameworksBuildPhase section */
		62485C8D1DF837E1009058EA /* Frameworks */ = {
			isa = PBXFrameworksBuildPhase;
			buildActionMask = 2147483647;
			files = (
				62485CF61DF85E06009058EA /* AVFoundation.framework in Frameworks */,
			);
			runOnlyForDeploymentPostprocessing = 0;
		};
		62485CA61DF837E1009058EA /* Frameworks */ = {
			isa = PBXFrameworksBuildPhase;
			buildActionMask = 2147483647;
			files = (
			);
			runOnlyForDeploymentPostprocessing = 0;
		};
/* End PBXFrameworksBuildPhase section */

/* Begin PBXGroup section */
		62485C871DF837E1009058EA = {
			isa = PBXGroup;
			children = (
				62485C921DF837E1009058EA /* OSVoiceRecorderDemo */,
				62485CAC1DF837E1009058EA /* OSVoiceRecorderDemoTests */,
				62485C911DF837E1009058EA /* Products */,
			);
			sourceTree = "<group>";
		};
		62485C911DF837E1009058EA /* Products */ = {
			isa = PBXGroup;
			children = (
				62485C901DF837E1009058EA /* OSVoiceRecorderDemo.app */,
				62485CA91DF837E1009058EA /* OSVoiceRecorderDemoTests.xctest */,
			);
			name = Products;
			sourceTree = "<group>";
		};
		62485C921DF837E1009058EA /* OSVoiceRecorderDemo */ = {
			isa = PBXGroup;
			children = (
				62485C961DF837E1009058EA /* AppDelegate.h */,
				62485C971DF837E1009058EA /* AppDelegate.m */,
				62485C991DF837E1009058EA /* ViewController.h */,
				62485C9A1DF837E1009058EA /* ViewController.m */,
				62485C9C1DF837E1009058EA /* Main.storyboard */,
				62485C9F1DF837E1009058EA /* Assets.xcassets */,
				62485CA11DF837E1009058EA /* LaunchScreen.storyboard */,
				62485CA41DF837E1009058EA /* Info.plist */,
				62485CB91DF83817009058EA /* OSVoiceRecorder */,
				62485C931DF837E1009058EA /* Supporting Files */,
			);
			path = OSVoiceRecorderDemo;
			sourceTree = "<group>";
		};
		62485C931DF837E1009058EA /* Supporting Files */ = {
			isa = PBXGroup;
			children = (
				62485CF51DF85E06009058EA /* AVFoundation.framework */,
				62485C941DF837E1009058EA /* main.m */,
			);
			name = "Supporting Files";
			sourceTree = "<group>";
		};
		62485CAC1DF837E1009058EA /* OSVoiceRecorderDemoTests */ = {
			isa = PBXGroup;
			children = (
				62485CAD1DF837E1009058EA /* OSVoiceRecorderDemoTests.m */,
				62485CAF1DF837E1009058EA /* Info.plist */,
			);
			path = OSVoiceRecorderDemoTests;
			sourceTree = "<group>";
		};
		62485CB91DF83817009058EA /* OSVoiceRecorder */ = {
			isa = PBXGroup;
			children = (
				62485CBA1DF8386E009058EA /* OSVoiceRecorder.h */,
				62485CBB1DF8386E009058EA /* OSVoiceRecorder.m */,
				62485CBD1DF83D68009058EA /* OSVoiceRecorderView.h */,
				62485CBE1DF83D68009058EA /* OSVoiceRecorderView.m */,
				62485CC01DF83DAD009058EA /* View.xib */,
				62485CC21DF844BD009058EA /* Images */,
			);
			path = OSVoiceRecorder;
			sourceTree = "<group>";
		};
		62485CC21DF844BD009058EA /* Images */ = {
			isa = PBXGroup;
			children = (
				629DB2011DF9A1660079B856 /* pause.png */,
				629DB2021DF9A1660079B856 /* pause@2x.png */,
				629DB2031DF9A1660079B856 /* pause@3x.png */,
				629DB1FB1DF9952B0079B856 /* play.png */,
				629DB1FC1DF9952B0079B856 /* play@2x.png */,
				629DB1FD1DF9952B0079B856 /* play@3x.png */,
				62485CEF1DF851C3009058EA /* stop.png */,
				62485CF01DF851C3009058EA /* stop@2x.png */,
				62485CF11DF851C3009058EA /* stop@3x.png */,
				62485CC31DF844BD009058EA /* recorder.png */,
				62485CC41DF844BD009058EA /* recorder@2x.png */,
				62485CC51DF844BD009058EA /* recorder@3x.png */,
			);
			path = Images;
			sourceTree = "<group>";
		};
/* End PBXGroup section */

/* Begin PBXNativeTarget section */
		62485C8F1DF837E1009058EA /* OSVoiceRecorderDemo */ = {
			isa = PBXNativeTarget;
			buildConfigurationList = 62485CB21DF837E1009058EA /* Build configuration list for PBXNativeTarget "OSVoiceRecorderDemo" */;
			buildPhases = (
				62485C8C1DF837E1009058EA /* Sources */,
				62485C8D1DF837E1009058EA /* Frameworks */,
				62485C8E1DF837E1009058EA /* Resources */,
			);
			buildRules = (
			);
			dependencies = (
			);
			name = OSVoiceRecorderDemo;
			productName = OSVoiceRecorderDemo;
			productReference = 62485C901DF837E1009058EA /* OSVoiceRecorderDemo.app */;
			productType = "com.apple.product-type.application";
		};
		62485CA81DF837E1009058EA /* OSVoiceRecorderDemoTests */ = {
			isa = PBXNativeTarget;
			buildConfigurationList = 62485CB51DF837E1009058EA /* Build configuration list for PBXNativeTarget "OSVoiceRecorderDemoTests" */;
			buildPhases = (
				62485CA51DF837E1009058EA /* Sources */,
				62485CA61DF837E1009058EA /* Frameworks */,
				62485CA71DF837E1009058EA /* Resources */,
			);
			buildRules = (
			);
			dependencies = (
				62485CAB1DF837E1009058EA /* PBXTargetDependency */,
			);
			name = OSVoiceRecorderDemoTests;
			productName = OSVoiceRecorderDemoTests;
			productReference = 62485CA91DF837E1009058EA /* OSVoiceRecorderDemoTests.xctest */;
			productType = "com.apple.product-type.bundle.unit-test";
		};
/* End PBXNativeTarget section */

/* Begin PBXProject section */
		62485C881DF837E1009058EA /* Project object */ = {
			isa = PBXProject;
			attributes = {
				LastUpgradeCheck = 0730;
				ORGANIZATIONNAME = onursahindur;
				TargetAttributes = {
					62485C8F1DF837E1009058EA = {
						CreatedOnToolsVersion = 7.3.1;
						SystemCapabilities = {
							com.apple.BackgroundModes = {
								enabled = 1;
							};
						};
					};
					62485CA81DF837E1009058EA = {
						CreatedOnToolsVersion = 7.3.1;
						TestTargetID = 62485C8F1DF837E1009058EA;
					};
				};
			};
			buildConfigurationList = 62485C8B1DF837E1009058EA /* Build configuration list for PBXProject "OSVoiceRecorderDemo" */;
			compatibilityVersion = "Xcode 3.2";
			developmentRegion = English;
			hasScannedForEncodings = 0;
			knownRegions = (
				en,
				Base,
			);
			mainGroup = 62485C871DF837E1009058EA;
			productRefGroup = 62485C911DF837E1009058EA /* Products */;
			projectDirPath = "";
			projectRoot = "";
			targets = (
				62485C8F1DF837E1009058EA /* OSVoiceRecorderDemo */,
				62485CA81DF837E1009058EA /* OSVoiceRecorderDemoTests */,
			);
		};
/* End PBXProject section */

/* Begin PBXResourcesBuildPhase section */
		62485C8E1DF837E1009058EA /* Resources */ = {
			isa = PBXResourcesBuildPhase;
			buildActionMask = 2147483647;
			files = (
				62485CC71DF844BD009058EA /* recorder@2x.png in Resources */,
				62485CF21DF851C3009058EA /* stop.png in Resources */,
				629DB1FF1DF9952B0079B856 /* play@2x.png in Resources */,
				62485CF31DF851C3009058EA /* stop@2x.png in Resources */,
				62485CC11DF83DAD009058EA /* View.xib in Resources */,
				62485CA31DF837E1009058EA /* LaunchScreen.storyboard in Resources */,
				62485CC81DF844BD009058EA /* recorder@3x.png in Resources */,
				629DB2051DF9A1660079B856 /* pause@2x.png in Resources */,
				629DB2061DF9A1660079B856 /* pause@3x.png in Resources */,
				62485CC61DF844BD009058EA /* recorder.png in Resources */,
				629DB2001DF9952B0079B856 /* play@3x.png in Resources */,
				629DB1FE1DF9952B0079B856 /* play.png in Resources */,
				629DB2041DF9A1660079B856 /* pause.png in Resources */,
				62485CF41DF851C3009058EA /* stop@3x.png in Resources */,
				62485CA01DF837E1009058EA /* Assets.xcassets in Resources */,
				62485C9E1DF837E1009058EA /* Main.storyboard in Resources */,
			);
			runOnlyForDeploymentPostprocessing = 0;
		};
		62485CA71DF837E1009058EA /* Resources */ = {
			isa = PBXResourcesBuildPhase;
			buildActionMask = 2147483647;
			files = (
			);
			runOnlyForDeploymentPostprocessing = 0;
		};
/* End PBXResourcesBuildPhase section */

/* Begin PBXSourcesBuildPhase section */
		62485C8C1DF837E1009058EA /* Sources */ = {
			isa = PBXSourcesBuildPhase;
			buildActionMask = 2147483647;
			files = (
				62485CBF1DF83D68009058EA /* OSVoiceRecorderView.m in Sources */,
				62485CBC1DF8386E009058EA /* OSVoiceRecorder.m in Sources */,
				62485C9B1DF837E1009058EA /* ViewController.m in Sources */,
				62485C981DF837E1009058EA /* AppDelegate.m in Sources */,
				62485C951DF837E1009058EA /* main.m in Sources */,
			);
			runOnlyForDeploymentPostprocessing = 0;
		};
		62485CA51DF837E1009058EA /* Sources */ = {
			isa = PBXSourcesBuildPhase;
			buildActionMask = 2147483647;
			files = (
				62485CAE1DF837E1009058EA /* OSVoiceRecorderDemoTests.m in Sources */,
			);
			runOnlyForDeploymentPostprocessing = 0;
		};
/* End PBXSourcesBuildPhase section */

/* Begin PBXTargetDependency section */
		62485CAB1DF837E1009058EA /* PBXTargetDependency */ = {
			isa = PBXTargetDependency;
			target = 62485C8F1DF837E1009058EA /* OSVoiceRecorderDemo */;
			targetProxy = 62485CAA1DF837E1009058EA /* PBXContainerItemProxy */;
		};
/* End PBXTargetDependency section */

/* Begin PBXVariantGroup section */
		62485C9C1DF837E1009058EA /* Main.storyboard */ = {
			isa = PBXVariantGroup;
			children = (
				62485C9D1DF837E1009058EA /* Base */,
			);
			name = Main.storyboard;
			sourceTree = "<group>";
		};
		62485CA11DF837E1009058EA /* LaunchScreen.storyboard */ = {
			isa = PBXVariantGroup;
			children = (
				62485CA21DF837E1009058EA /* Base */,
			);
			name = LaunchScreen.storyboard;
			sourceTree = "<group>";
		};
/* End PBXVariantGroup section */

/* Begin XCBuildConfiguration section */
		62485CB01DF837E1009058EA /* Debug */ = {
			isa = XCBuildConfiguration;
			buildSettings = {
				ALWAYS_SEARCH_USER_PATHS = NO;
				CLANG_ANALYZER_NONNULL = YES;
				CLANG_CXX_LANGUAGE_STANDARD = "gnu++0x";
				CLANG_CXX_LIBRARY = "libc++";
				CLANG_ENABLE_MODULES = YES;
				CLANG_ENABLE_OBJC_ARC = YES;
				CLANG_WARN_BOOL_CONVERSION = YES;
				CLANG_WARN_CONSTANT_CONVERSION = YES;
				CLANG_WARN_DIRECT_OBJC_ISA_USAGE = YES_ERROR;
				CLANG_WARN_EMPTY_BODY = YES;
				CLANG_WARN_ENUM_CONVERSION = YES;
				CLANG_WARN_INT_CONVERSION = YES;
				CLANG_WARN_OBJC_ROOT_CLASS = YES_ERROR;
				CLANG_WARN_UNREACHABLE_CODE = YES;
				CLANG_WARN__DUPLICATE_METHOD_MATCH = YES;
				"CODE_SIGN_IDENTITY[sdk=iphoneos*]" = "iPhone Developer";
				COPY_PHASE_STRIP = NO;
				DEBUG_INFORMATION_FORMAT = dwarf;
				ENABLE_STRICT_OBJC_MSGSEND = YES;
				ENABLE_TESTABILITY = YES;
				GCC_C_LANGUAGE_STANDARD = gnu99;
				GCC_DYNAMIC_NO_PIC = NO;
				GCC_NO_COMMON_BLOCKS = YES;
				GCC_OPTIMIZATION_LEVEL = 0;
				GCC_PREPROCESSOR_DEFINITIONS = (
					"DEBUG=1",
					"$(inherited)",
				);
				GCC_WARN_64_TO_32_BIT_CONVERSION = YES;
				GCC_WARN_ABOUT_RETURN_TYPE = YES_ERROR;
				GCC_WARN_UNDECLARED_SELECTOR = YES;
				GCC_WARN_UNINITIALIZED_AUTOS = YES_AGGRESSIVE;
				GCC_WARN_UNUSED_FUNCTION = YES;
				GCC_WARN_UNUSED_VARIABLE = YES;
				IPHONEOS_DEPLOYMENT_TARGET = 9.3;
				MTL_ENABLE_DEBUG_INFO = YES;
				ONLY_ACTIVE_ARCH = YES;
				SDKROOT = iphoneos;
			};
			name = Debug;
		};
		62485CB11DF837E1009058EA /* Release */ = {
			isa = XCBuildConfiguration;
			buildSettings = {
				ALWAYS_SEARCH_USER_PATHS = NO;
				CLANG_ANALYZER_NONNULL = YES;
				CLANG_CXX_LANGUAGE_STANDARD = "gnu++0x";
				CLANG_CXX_LIBRARY = "libc++";
				CLANG_ENABLE_MODULES = YES;
				CLANG_ENABLE_OBJC_ARC = YES;
				CLANG_WARN_BOOL_CONVERSION = YES;
				CLANG_WARN_CONSTANT_CONVERSION = YES;
				CLANG_WARN_DIRECT_OBJC_ISA_USAGE = YES_ERROR;
				CLANG_WARN_EMPTY_BODY = YES;
				CLANG_WARN_ENUM_CONVERSION = YES;
				CLANG_WARN_INT_CONVERSION = YES;
				CLANG_WARN_OBJC_ROOT_CLASS = YES_ERROR;
				CLANG_WARN_UNREACHABLE_CODE = YES;
				CLANG_WARN__DUPLICATE_METHOD_MATCH = YES;
				"CODE_SIGN_IDENTITY[sdk=iphoneos*]" = "iPhone Developer";
				COPY_PHASE_STRIP = NO;
				DEBUG_INFORMATION_FORMAT = "dwarf-with-dsym";
				ENABLE_NS_ASSERTIONS = NO;
				ENABLE_STRICT_OBJC_MSGSEND = YES;
				GCC_C_LANGUAGE_STANDARD = gnu99;
				GCC_NO_COMMON_BLOCKS = YES;
				GCC_WARN_64_TO_32_BIT_CONVERSION = YES;
				GCC_WARN_ABOUT_RETURN_TYPE = YES_ERROR;
				GCC_WARN_UNDECLARED_SELECTOR = YES;
				GCC_WARN_UNINITIALIZED_AUTOS = YES_AGGRESSIVE;
				GCC_WARN_UNUSED_FUNCTION = YES;
				GCC_WARN_UNUSED_VARIABLE = YES;
				IPHONEOS_DEPLOYMENT_TARGET = 9.3;
				MTL_ENABLE_DEBUG_INFO = NO;
				SDKROOT = iphoneos;
				VALIDATE_PRODUCT = YES;
			};
			name = Release;
		};
		62485CB31DF837E1009058EA /* Debug */ = {
			isa = XCBuildConfiguration;
			buildSettings = {
				ASSETCATALOG_COMPILER_APPICON_NAME = AppIcon;
				INFOPLIST_FILE = OSVoiceRecorderDemo/Info.plist;
				LD_RUNPATH_SEARCH_PATHS = "$(inherited) @executable_path/Frameworks";
				PRODUCT_BUNDLE_IDENTIFIER = com.onursahindur.OSVoiceRecorderDemo;
				PRODUCT_NAME = "$(TARGET_NAME)";
			};
			name = Debug;
		};
		62485CB41DF837E1009058EA /* Release */ = {
			isa = XCBuildConfiguration;
			buildSettings = {
				ASSETCATALOG_COMPILER_APPICON_NAME = AppIcon;
				INFOPLIST_FILE = OSVoiceRecorderDemo/Info.plist;
				LD_RUNPATH_SEARCH_PATHS = "$(inherited) @executable_path/Frameworks";
				PRODUCT_BUNDLE_IDENTIFIER = com.onursahindur.OSVoiceRecorderDemo;
				PRODUCT_NAME = "$(TARGET_NAME)";
			};
			name = Release;
		};
		62485CB61DF837E1009058EA /* Debug */ = {
			isa = XCBuildConfiguration;
			buildSettings = {
				BUNDLE_LOADER = "$(TEST_HOST)";
				INFOPLIST_FILE = OSVoiceRecorderDemoTests/Info.plist;
				LD_RUNPATH_SEARCH_PATHS = "$(inherited) @executable_path/Frameworks @loader_path/Frameworks";
				PRODUCT_BUNDLE_IDENTIFIER = com.onursahindur.OSVoiceRecorderDemoTests;
				PRODUCT_NAME = "$(TARGET_NAME)";
				TEST_HOST = "$(BUILT_PRODUCTS_DIR)/OSVoiceRecorderDemo.app/OSVoiceRecorderDemo";
			};
			name = Debug;
		};
		62485CB71DF837E1009058EA /* Release */ = {
			isa = XCBuildConfiguration;
			buildSettings = {
				BUNDLE_LOADER = "$(TEST_HOST)";
				INFOPLIST_FILE = OSVoiceRecorderDemoTests/Info.plist;
				LD_RUNPATH_SEARCH_PATHS = "$(inherited) @executable_path/Frameworks @loader_path/Frameworks";
				PRODUCT_BUNDLE_IDENTIFIER = com.onursahindur.OSVoiceRecorderDemoTests;
				PRODUCT_NAME = "$(TARGET_NAME)";
				TEST_HOST = "$(BUILT_PRODUCTS_DIR)/OSVoiceRecorderDemo.app/OSVoiceRecorderDemo";
			};
			name = Release;
		};
/* End XCBuildConfiguration section */

/* Begin XCConfigurationList section */
		62485C8B1DF837E1009058EA /* Build configuration list for PBXProject "OSVoiceRecorderDemo" */ = {
			isa = XCConfigurationList;
			buildConfigurations = (
				62485CB01DF837E1009058EA /* Debug */,
				62485CB11DF837E1009058EA /* Release */,
			);
			defaultConfigurationIsVisible = 0;
			defaultConfigurationName = Release;
		};
		62485CB21DF837E1009058EA /* Build configuration list for PBXNativeTarget "OSVoiceRecorderDemo" */ = {
			isa = XCConfigurationList;
			buildConfigurations = (
				62485CB31DF837E1009058EA /* Debug */,
				62485CB41DF837E1009058EA /* Release */,
			);
			defaultConfigurationIsVisible = 0;
			defaultConfigurationName = Release;
		};
		62485CB51DF837E1009058EA /* Build configuration list for PBXNativeTarget "OSVoiceRecorderDemoTests" */ = {
			isa = XCConfigurationList;
			buildConfigurations = (
				62485CB61DF837E1009058EA /* Debug */,
				62485CB71DF837E1009058EA /* Release */,
			);
			defaultConfigurationIsVisible = 0;
			defaultConfigurationName = Release;
		};
/* End XCConfigurationList section */
	};
	rootObject = 62485C881DF837E1009058EA /* Project object */;
}
